
Microsoft Visual Studio Solution File, Format Version 12.00
# Visual Studio Version 17
VisualStudioVersion = 17.8.34330.188
MinimumVisualStudioVersion = 10.0.40219.1
Project("{FAE04EC0-301F-11D3-BF4B-00C04F79EFBC}") = "LastOrDefaultBench", "LastOrDefaultBench\LastOrDefaultBench.csproj", "{3E86A895-C28F-4502-855A-BF972FA54506}"
EndProject
Global
	GlobalSection(SolutionConfigurationPlatforms) = preSolution
		Debug|Any CPU = Debug|Any CPU
		Release|Any CPU = Release|Any CPU
	EndGlobalSection
	GlobalSection(ProjectConfigurationPlatforms) = postSolution
		{3E86A895-C28F-4502-855A-BF972FA54506}.Debug|Any CPU.ActiveCfg = Debug|Any CPU
		{3E86A895-C28F-4502-855A-BF972FA54506}.Debug|Any CPU.Build.0 = Debug|Any CPU
		{3E86A895-C28F-4502-855A-BF972FA54506}.Release|Any CPU.ActiveCfg = Release|Any CPU
		{3E86A895-C28F-4502-855A-BF972FA54506}.Release|Any CPU.Build.0 = Release|Any CPU
	EndGlobalSection
	GlobalSection(SolutionProperties) = preSolution
		HideSolutionNode = FALSE
	EndGlobalSection
	GlobalSection(ExtensibilityGlobals) = postSolution
		SolutionGuid = {E7111D62-B9F2-49AA-9D92-8D914A92D434}
	EndGlobalSection
EndGlobal
